
Microsoft Visual Studio Solution File, Format Version 12.00
# Visual Studio 15
Project("{FAE04EC0-301F-11D3-BF4B-00C04F79EFBC}") = "UniHumanoid", "UniHumanoid.csproj", "{383CDB94-09E6-04AB-0D04-ABA19A92E09E}"
EndProject
Project("{FAE04EC0-301F-11D3-BF4B-00C04F79EFBC}") = "SpringBoneJobs", "SpringBoneJobs.csproj", "{02F69AA8-0ABD-E83C-8195-DF8B5C324DF4}"
EndProject
Project("{FAE04EC0-301F-11D3-BF4B-00C04F79EFBC}") = "UniGLTF.Editor", "UniGLTF.Editor.csproj", "{236ABC71-6069-C788-A4DD-871266161834}"
EndProject
Project("{FAE04EC0-301F-11D3-BF4B-00C04F79EFBC}") = "UniGLTF", "UniGLTF.csproj", "{29F88984-C6BC-42CF-8307-CC8659DB0A18}"
EndProject
Project("{FAE04EC0-301F-11D3-BF4B-00C04F79EFBC}") = "VRM", "VRM.csproj", "{23C95416-368B-0752-AABA-533A68818FC4}"
EndProject
Project("{FAE04EC0-301F-11D3-BF4B-00C04F79EFBC}") = "Assembly-CSharp-Editor", "Assembly-CSharp-Editor.csproj", "{F5D69E33-DED4-4A9E-47B8-6B9081D58B27}"
EndProject
Project("{FAE04EC0-301F-11D3-BF4B-00C04F79EFBC}") = "UniGLTF.Tests", "UniGLTF.Tests.csproj", "{55557C27-79D4-E9E3-69E9-AF79A69B4CEA}"
EndProject
Project("{FAE04EC0-301F-11D3-BF4B-00C04F79EFBC}") = "MToon", "MToon.csproj", "{84662FEC-01FB-4B77-F706-BB4787BDC0D3}"
EndProject
Project("{FAE04EC0-301F-11D3-BF4B-00C04F79EFBC}") = "UniVRM.Editor", "UniVRM.Editor.csproj", "{A1B62EB5-FB27-F574-17AD-0FDD57755323}"
EndProject
Project("{FAE04EC0-301F-11D3-BF4B-00C04F79EFBC}") = "VRM.Tests", "VRM.Tests.csproj", "{B18F5E8F-5B4C-D51B-A424-B85CACFCF837}"
EndProject
Project("{FAE04EC0-301F-11D3-BF4B-00C04F79EFBC}") = "MToon.Editor", "MToon.Editor.csproj", "{BAA1A3E0-9A40-59C7-D585-8B36EC629529}"
EndProject
Project("{FAE04EC0-301F-11D3-BF4B-00C04F79EFBC}") = "UniHumanoid.Editor", "UniHumanoid.Editor.csproj", "{C0DA509B-D8D3-FE89-33A6-8E9B471668DA}"
EndProject
Project("{FAE04EC0-301F-11D3-BF4B-00C04F79EFBC}") = "VRM.Samples.Editor.Tests", "VRM.Samples.Editor.Tests.csproj", "{C05BC5BB-7758-D72E-D7BA-B796C3E4FAF3}"
EndProject
Project("{FAE04EC0-301F-11D3-BF4B-00C04F79EFBC}") = "UniGLTF.UniUnlit", "UniGLTF.UniUnlit.csproj", "{3755EC3B-C9F0-5655-BCA3-D62F452FC6A5}"
EndProject
Project("{FAE04EC0-301F-11D3-BF4B-00C04F79EFBC}") = "UniHumanoid.Editor.Tests", "UniHumanoid.Editor.Tests.csproj", "{09555022-0519-50C2-26A2-5142E7108A5A}"
EndProject
Project("{FAE04EC0-301F-11D3-BF4B-00C04F79EFBC}") = "UniGLTF.UniUnlit.Editor", "UniGLTF.UniUnlit.Editor.csproj", "{4918BDD8-385C-E06D-55E7-7323D40D8E52}"
EndProject
Project("{FAE04EC0-301F-11D3-BF4B-00C04F79EFBC}") = "Assembly-CSharp", "Assembly-CSharp.csproj", "{88113E9A-8826-F702-F7D6-AE1ECFF54574}"
EndProject
Project("{FAE04EC0-301F-11D3-BF4B-00C04F79EFBC}") = "UniGLTF.Utils", "UniGLTF.Utils.csproj", "{54CC9AC6-79E3-C192-37F5-C4A78090D57C}"
EndProject
Global
	GlobalSection(SolutionConfigurationPlatforms) = preSolution
		Debug|Any CPU = Debug|Any CPU
		Release|Any CPU = Release|Any CPU
	EndGlobalSection
	GlobalSection(ProjectConfigurationPlatforms) = postSolution
		{383CDB94-09E6-04AB-0D04-ABA19A92E09E}.Debug|Any CPU.ActiveCfg = Debug|Any CPU
		{383CDB94-09E6-04AB-0D04-ABA19A92E09E}.Debug|Any CPU.Build.0 = Debug|Any CPU
		{383CDB94-09E6-04AB-0D04-ABA19A92E09E}.Release|Any CPU.ActiveCfg = Release|Any CPU
		{383CDB94-09E6-04AB-0D04-ABA19A92E09E}.Release|Any CPU.Build.0 = Release|Any CPU
		{02F69AA8-0ABD-E83C-8195-DF8B5C324DF4}.Debug|Any CPU.ActiveCfg = Debug|Any CPU
		{02F69AA8-0ABD-E83C-8195-DF8B5C324DF4}.Debug|Any CPU.Build.0 = Debug|Any CPU
		{02F69AA8-0ABD-E83C-8195-DF8B5C324DF4}.Release|Any CPU.ActiveCfg = Release|Any CPU
		{02F69AA8-0ABD-E83C-8195-DF8B5C324DF4}.Release|Any CPU.Build.0 = Release|Any CPU
		{236ABC71-6069-C788-A4DD-871266161834}.Debug|Any CPU.ActiveCfg = Debug|Any CPU
		{236ABC71-6069-C788-A4DD-871266161834}.Debug|Any CPU.Build.0 = Debug|Any CPU
		{236ABC71-6069-C788-A4DD-871266161834}.Release|Any CPU.ActiveCfg = Release|Any CPU
		{236ABC71-6069-C788-A4DD-871266161834}.Release|Any CPU.Build.0 = Release|Any CPU
		{29F88984-C6BC-42CF-8307-CC8659DB0A18}.Debug|Any CPU.ActiveCfg = Debug|Any CPU
		{29F88984-C6BC-42CF-8307-CC8659DB0A18}.Debug|Any CPU.Build.0 = Debug|Any CPU
		{29F88984-C6BC-42CF-8307-CC8659DB0A18}.Release|Any CPU.ActiveCfg = Release|Any CPU
		{29F88984-C6BC-42CF-8307-CC8659DB0A18}.Release|Any CPU.Build.0 = Release|Any CPU
		{23C95416-368B-0752-AABA-533A68818FC4}.Debug|Any CPU.ActiveCfg = Debug|Any CPU
		{23C95416-368B-0752-AABA-533A68818FC4}.Debug|Any CPU.Build.0 = Debug|Any CPU
		{23C95416-368B-0752-AABA-533A68818FC4}.Release|Any CPU.ActiveCfg = Release|Any CPU
		{23C95416-368B-0752-AABA-533A68818FC4}.Release|Any CPU.Build.0 = Release|Any CPU
		{F5D69E33-DED4-4A9E-47B8-6B9081D58B27}.Debug|Any CPU.ActiveCfg = Debug|Any CPU
		{F5D69E33-DED4-4A9E-47B8-6B9081D58B27}.Debug|Any CPU.Build.0 = Debug|Any CPU
		{F5D69E33-DED4-4A9E-47B8-6B9081D58B27}.Release|Any CPU.ActiveCfg = Release|Any CPU
		{F5D69E33-DED4-4A9E-47B8-6B9081D58B27}.Release|Any CPU.Build.0 = Release|Any CPU
		{55557C27-79D4-E9E3-69E9-AF79A69B4CEA}.Debug|Any CPU.ActiveCfg = Debug|Any CPU
		{55557C27-79D4-E9E3-69E9-AF79A69B4CEA}.Debug|Any CPU.Build.0 = Debug|Any CPU
		{55557C27-79D4-E9E3-69E9-AF79A69B4CEA}.Release|Any CPU.ActiveCfg = Release|Any CPU
		{55557C27-79D4-E9E3-69E9-AF79A69B4CEA}.Release|Any CPU.Build.0 = Release|Any CPU
		{84662FEC-01FB-4B77-F706-BB4787BDC0D3}.Debug|Any CPU.ActiveCfg = Debug|Any CPU
		{84662FEC-01FB-4B77-F706-BB4787BDC0D3}.Debug|Any CPU.Build.0 = Debug|Any CPU
		{84662FEC-01FB-4B77-F706-BB4787BDC0D3}.Release|Any CPU.ActiveCfg = Release|Any CPU
		{84662FEC-01FB-4B77-F706-BB4787BDC0D3}.Release|Any CPU.Build.0 = Release|Any CPU
		{A1B62EB5-FB27-F574-17AD-0FDD57755323}.Debug|Any CPU.ActiveCfg = Debug|Any CPU
		{A1B62EB5-FB27-F574-17AD-0FDD57755323}.Debug|Any CPU.Build.0 = Debug|Any CPU
		{A1B62EB5-FB27-F574-17AD-0FDD57755323}.Release|Any CPU.ActiveCfg = Release|Any CPU
		{A1B62EB5-FB27-F574-17AD-0FDD57755323}.Release|Any CPU.Build.0 = Release|Any CPU
		{B18F5E8F-5B4C-D51B-A424-B85CACFCF837}.Debug|Any CPU.ActiveCfg = Debug|Any CPU
		{B18F5E8F-5B4C-D51B-A424-B85CACFCF837}.Debug|Any CPU.Build.0 = Debug|Any CPU
		{B18F5E8F-5B4C-D51B-A424-B85CACFCF837}.Release|Any CPU.ActiveCfg = Release|Any CPU
		{B18F5E8F-5B4C-D51B-A424-B85CACFCF837}.Release|Any CPU.Build.0 = Release|Any CPU
		{BAA1A3E0-9A40-59C7-D585-8B36EC629529}.Debug|Any CPU.ActiveCfg = Debug|Any CPU
		{BAA1A3E0-9A40-59C7-D585-8B36EC629529}.Debug|Any CPU.Build.0 = Debug|Any CPU
		{BAA1A3E0-9A40-59C7-D585-8B36EC629529}.Release|Any CPU.ActiveCfg = Release|Any CPU
		{BAA1A3E0-9A40-59C7-D585-8B36EC629529}.Release|Any CPU.Build.0 = Release|Any CPU
		{C0DA509B-D8D3-FE89-33A6-8E9B471668DA}.Debug|Any CPU.ActiveCfg = Debug|Any CPU
		{C0DA509B-D8D3-FE89-33A6-8E9B471668DA}.Debug|Any CPU.Build.0 = Debug|Any CPU
		{C0DA509B-D8D3-FE89-33A6-8E9B471668DA}.Release|Any CPU.ActiveCfg = Release|Any CPU
		{C0DA509B-D8D3-FE89-33A6-8E9B471668DA}.Release|Any CPU.Build.0 = Release|Any CPU
		{C05BC5BB-7758-D72E-D7BA-B796C3E4FAF3}.Debug|Any CPU.ActiveCfg = Debug|Any CPU
		{C05BC5BB-7758-D72E-D7BA-B796C3E4FAF3}.Debug|Any CPU.Build.0 = Debug|Any CPU
		{C05BC5BB-7758-D72E-D7BA-B796C3E4FAF3}.Release|Any CPU.ActiveCfg = Release|Any CPU
		{C05BC5BB-7758-D72E-D7BA-B796C3E4FAF3}.Release|Any CPU.Build.0 = Release|Any CPU
		{3755EC3B-C9F0-5655-BCA3-D62F452FC6A5}.Debug|Any CPU.ActiveCfg = Debug|Any CPU
		{3755EC3B-C9F0-5655-BCA3-D62F452FC6A5}.Debug|Any CPU.Build.0 = Debug|Any CPU
		{3755EC3B-C9F0-5655-BCA3-D62F452FC6A5}.Release|Any CPU.ActiveCfg = Release|Any CPU
		{3755EC3B-C9F0-5655-BCA3-D62F452FC6A5}.Release|Any CPU.Build.0 = Release|Any CPU
		{09555022-0519-50C2-26A2-5142E7108A5A}.Debug|Any CPU.ActiveCfg = Debug|Any CPU
		{09555022-0519-50C2-26A2-5142E7108A5A}.Debug|Any CPU.Build.0 = Debug|Any CPU
		{09555022-0519-50C2-26A2-5142E7108A5A}.Release|Any CPU.ActiveCfg = Release|Any CPU
		{09555022-0519-50C2-26A2-5142E7108A5A}.Release|Any CPU.Build.0 = Release|Any CPU
		{4918BDD8-385C-E06D-55E7-7323D40D8E52}.Debug|Any CPU.ActiveCfg = Debug|Any CPU
		{4918BDD8-385C-E06D-55E7-7323D40D8E52}.Debug|Any CPU.Build.0 = Debug|Any CPU
		{4918BDD8-385C-E06D-55E7-7323D40D8E52}.Release|Any CPU.ActiveCfg = Release|Any CPU
		{4918BDD8-385C-E06D-55E7-7323D40D8E52}.Release|Any CPU.Build.0 = Release|Any CPU
		{88113E9A-8826-F702-F7D6-AE1ECFF54574}.Debug|Any CPU.ActiveCfg = Debug|Any CPU
		{88113E9A-8826-F702-F7D6-AE1ECFF54574}.Debug|Any CPU.Build.0 = Debug|Any CPU
		{88113E9A-8826-F702-F7D6-AE1ECFF54574}.Release|Any CPU.ActiveCfg = Release|Any CPU
		{88113E9A-8826-F702-F7D6-AE1ECFF54574}.Release|Any CPU.Build.0 = Release|Any CPU
		{54CC9AC6-79E3-C192-37F5-C4A78090D57C}.Debug|Any CPU.ActiveCfg = Debug|Any CPU
		{54CC9AC6-79E3-C192-37F5-C4A78090D57C}.Debug|Any CPU.Build.0 = Debug|Any CPU
		{54CC9AC6-79E3-C192-37F5-C4A78090D57C}.Release|Any CPU.ActiveCfg = Release|Any CPU
		{54CC9AC6-79E3-C192-37F5-C4A78090D57C}.Release|Any CPU.Build.0 = Release|Any CPU
	EndGlobalSection
	GlobalSection(SolutionProperties) = preSolution
		HideSolutionNode = FALSE
	EndGlobalSection
EndGlobal
